{
  "name": "hlsplayer",
  "version": "1.0.0",
  "lockfileVersion": 1,
  "requires": true,
  "dependencies": {
    "hls.js": {
      "version": "0.11.0",
      "resolved": "https://registry.npmjs.org/hls.js/-/hls.js-0.11.0.tgz",
      "integrity": "sha512-qlCP7uBaHxF1iiP9xw8RFZ9Es9ZM5micqaMTp8P/2WYhd+CSmMMREH+taAzkQDu7u2nHBBd9yZyKgCjg3O3wSw==",
      "requires": {
        "string.prototype.endswith": "^0.2.0",
        "url-toolkit": "^2.1.2"
      }
    },
    "string.prototype.endswith": {
      "version": "0.2.0",
      "resolved": "https://registry.npmjs.org/string.prototype.endswith/-/string.prototype.endswith-0.2.0.tgz",
      "integrity": "sha1-oZwg3uUamHd+mkfhDwm+OTubunU="
    },
    "url-toolkit": {
      "version": "2.1.6",
      "resolved": "https://registry.npmjs.org/url-toolkit/-/url-toolkit-2.1.6.tgz",
      "integrity": "sha512-UaZ2+50am4HwrV2crR/JAf63Q4VvPYphe63WGeoJxeu8gmOm0qxPt+KsukfakPNrX9aymGNEkkaoICwn+OuvBw=="
    }
  }
}
